{
  "object": {
    "pins": [
      {
        "package": "Kingfisher",
        "repositoryURL": "https://github.com/onevcat/Kingfisher.git",
        "state": {
          "branch": null,
          "revision": "7deda23bbdca612076c5c315003d8638a08ed0f1",
          "version": "8.3.2"
        }
      }
    ]
  },
  "version": 1
}
